
Microsoft Visual Studio Solution File, Format Version 12.00
# Visual Studio Version 17
VisualStudioVersion = 17.6.33829.357
MinimumVisualStudioVersion = 10.0.40219.1
Project("{FAE04EC0-301F-11D3-BF4B-00C04F79EFBC}") = "Calc", "Calc\Calc.csproj", "{DC034389-E7F4-43E6-9E95-86BB8541D812}"
EndProject
Global
	GlobalSection(SolutionConfigurationPlatforms) = preSolution
		Debug|Any CPU = Debug|Any CPU
		Release|Any CPU = Release|Any CPU
	EndGlobalSection
	GlobalSection(ProjectConfigurationPlatforms) = postSolution
		{DC034389-E7F4-43E6-9E95-86BB8541D812}.Debug|Any CPU.ActiveCfg = Debug|Any CPU
		{DC034389-E7F4-43E6-9E95-86BB8541D812}.Debug|Any CPU.Build.0 = Debug|Any CPU
		{DC034389-E7F4-43E6-9E95-86BB8541D812}.Release|Any CPU.ActiveCfg = Release|Any CPU
		{DC034389-E7F4-43E6-9E95-86BB8541D812}.Release|Any CPU.Build.0 = Release|Any CPU
	EndGlobalSection
	GlobalSection(SolutionProperties) = preSolution
		HideSolutionNode = FALSE
	EndGlobalSection
	GlobalSection(ExtensibilityGlobals) = postSolution
		SolutionGuid = {914A1134-2597-421A-BC94-9B4F6FEFF30F}
	EndGlobalSection
EndGlobal
