
Microsoft Visual Studio Solution File, Format Version 12.00
# Visual Studio Version 17
VisualStudioVersion = 17.6.33815.320
MinimumVisualStudioVersion = 10.0.40219.1
Project("{FAE04EC0-301F-11D3-BF4B-00C04F79EFBC}") = "Doctor_Appointment_Booking", "Doctor_Appointment_Booking\Doctor_Appointment_Booking.csproj", "{821C3059-7F5A-46B8-829F-70C9AA6E8434}"
EndProject
Global
	GlobalSection(SolutionConfigurationPlatforms) = preSolution
		Debug|Any CPU = Debug|Any CPU
		Release|Any CPU = Release|Any CPU
	EndGlobalSection
	GlobalSection(ProjectConfigurationPlatforms) = postSolution
		{821C3059-7F5A-46B8-829F-70C9AA6E8434}.Debug|Any CPU.ActiveCfg = Debug|Any CPU
		{821C3059-7F5A-46B8-829F-70C9AA6E8434}.Debug|Any CPU.Build.0 = Debug|Any CPU
		{821C3059-7F5A-46B8-829F-70C9AA6E8434}.Release|Any CPU.ActiveCfg = Release|Any CPU
		{821C3059-7F5A-46B8-829F-70C9AA6E8434}.Release|Any CPU.Build.0 = Release|Any CPU
	EndGlobalSection
	GlobalSection(SolutionProperties) = preSolution
		HideSolutionNode = FALSE
	EndGlobalSection
	GlobalSection(ExtensibilityGlobals) = postSolution
		SolutionGuid = {83E64E9B-4EAF-48A7-A681-9FADACC8D1D9}
	EndGlobalSection
EndGlobal
