
Microsoft Visual Studio Solution File, Format Version 12.00
# Visual Studio Version 17
VisualStudioVersion = 17.6.33829.357
MinimumVisualStudioVersion = 10.0.40219.1
Project("{FAE04EC0-301F-11D3-BF4B-00C04F79EFBC}") = "Logging", "Logging\Logging.csproj", "{B7E62183-73C5-4324-A39E-3FC05B6D3A69}"
EndProject
Global
	GlobalSection(SolutionConfigurationPlatforms) = preSolution
		Debug|Any CPU = Debug|Any CPU
		Release|Any CPU = Release|Any CPU
	EndGlobalSection
	GlobalSection(ProjectConfigurationPlatforms) = postSolution
		{B7E62183-73C5-4324-A39E-3FC05B6D3A69}.Debug|Any CPU.ActiveCfg = Debug|Any CPU
		{B7E62183-73C5-4324-A39E-3FC05B6D3A69}.Debug|Any CPU.Build.0 = Debug|Any CPU
		{B7E62183-73C5-4324-A39E-3FC05B6D3A69}.Release|Any CPU.ActiveCfg = Release|Any CPU
		{B7E62183-73C5-4324-A39E-3FC05B6D3A69}.Release|Any CPU.Build.0 = Release|Any CPU
	EndGlobalSection
	GlobalSection(SolutionProperties) = preSolution
		HideSolutionNode = FALSE
	EndGlobalSection
	GlobalSection(ExtensibilityGlobals) = postSolution
		SolutionGuid = {832C768E-7B45-49C5-9474-B2A45848D1CB}
	EndGlobalSection
EndGlobal
