
Microsoft Visual Studio Solution File, Format Version 12.00
# Visual Studio Version 17
VisualStudioVersion = 17.6.33829.357
MinimumVisualStudioVersion = 10.0.40219.1
Project("{FAE04EC0-301F-11D3-BF4B-00C04F79EFBC}") = "Calculator1", "Calculator1\Calculator1.csproj", "{857337DB-DFE3-437A-92A9-24557C81BF68}"
EndProject
Global
	GlobalSection(SolutionConfigurationPlatforms) = preSolution
		Debug|Any CPU = Debug|Any CPU
		Release|Any CPU = Release|Any CPU
	EndGlobalSection
	GlobalSection(ProjectConfigurationPlatforms) = postSolution
		{857337DB-DFE3-437A-92A9-24557C81BF68}.Debug|Any CPU.ActiveCfg = Debug|Any CPU
		{857337DB-DFE3-437A-92A9-24557C81BF68}.Debug|Any CPU.Build.0 = Debug|Any CPU
		{857337DB-DFE3-437A-92A9-24557C81BF68}.Release|Any CPU.ActiveCfg = Release|Any CPU
		{857337DB-DFE3-437A-92A9-24557C81BF68}.Release|Any CPU.Build.0 = Release|Any CPU
	EndGlobalSection
	GlobalSection(SolutionProperties) = preSolution
		HideSolutionNode = FALSE
	EndGlobalSection
	GlobalSection(ExtensibilityGlobals) = postSolution
		SolutionGuid = {4C329911-2396-424B-8939-824850E14A19}
	EndGlobalSection
EndGlobal
