
Microsoft Visual Studio Solution File, Format Version 12.00
# Visual Studio Version 17
VisualStudioVersion = 17.6.33829.357
MinimumVisualStudioVersion = 10.0.40219.1
Project("{FAE04EC0-301F-11D3-BF4B-00C04F79EFBC}") = "WebAPI", "WebAPI\WebAPI.csproj", "{BB19E071-94DA-4054-83A1-5E0DBAC7798E}"
EndProject
Global
	GlobalSection(SolutionConfigurationPlatforms) = preSolution
		Debug|Any CPU = Debug|Any CPU
		Release|Any CPU = Release|Any CPU
	EndGlobalSection
	GlobalSection(ProjectConfigurationPlatforms) = postSolution
		{BB19E071-94DA-4054-83A1-5E0DBAC7798E}.Debug|Any CPU.ActiveCfg = Debug|Any CPU
		{BB19E071-94DA-4054-83A1-5E0DBAC7798E}.Debug|Any CPU.Build.0 = Debug|Any CPU
		{BB19E071-94DA-4054-83A1-5E0DBAC7798E}.Release|Any CPU.ActiveCfg = Release|Any CPU
		{BB19E071-94DA-4054-83A1-5E0DBAC7798E}.Release|Any CPU.Build.0 = Release|Any CPU
	EndGlobalSection
	GlobalSection(SolutionProperties) = preSolution
		HideSolutionNode = FALSE
	EndGlobalSection
	GlobalSection(ExtensibilityGlobals) = postSolution
		SolutionGuid = {A5C5A851-4DBD-427E-8600-277BBE1E940D}
	EndGlobalSection
EndGlobal
