
Microsoft Visual Studio Solution File, Format Version 12.00
# Visual Studio Version 17
VisualStudioVersion = 17.6.33829.357
MinimumVisualStudioVersion = 10.0.40219.1
Project("{FAE04EC0-301F-11D3-BF4B-00C04F79EFBC}") = "angular_Bank", "angular_Bank\angular_Bank.csproj", "{F7DF6C5A-06A7-497C-B965-292D19810DCE}"
EndProject
Global
	GlobalSection(SolutionConfigurationPlatforms) = preSolution
		Debug|Any CPU = Debug|Any CPU
		Release|Any CPU = Release|Any CPU
	EndGlobalSection
	GlobalSection(ProjectConfigurationPlatforms) = postSolution
		{F7DF6C5A-06A7-497C-B965-292D19810DCE}.Debug|Any CPU.ActiveCfg = Debug|Any CPU
		{F7DF6C5A-06A7-497C-B965-292D19810DCE}.Debug|Any CPU.Build.0 = Debug|Any CPU
		{F7DF6C5A-06A7-497C-B965-292D19810DCE}.Release|Any CPU.ActiveCfg = Release|Any CPU
		{F7DF6C5A-06A7-497C-B965-292D19810DCE}.Release|Any CPU.Build.0 = Release|Any CPU
	EndGlobalSection
	GlobalSection(SolutionProperties) = preSolution
		HideSolutionNode = FALSE
	EndGlobalSection
	GlobalSection(ExtensibilityGlobals) = postSolution
		SolutionGuid = {6A22FF76-BF9E-4C72-ACAF-ED5891A8EFBB}
	EndGlobalSection
EndGlobal
